
Microsoft Visual Studio Solution File, Format Version 12.00
# Visual Studio Version 17
VisualStudioVersion = 17.9.34728.123
MinimumVisualStudioVersion = 10.0.40219.1
Project("{9A19103F-16F7-4668-BE54-9A1E7A4F7556}") = "EventService", "src\Services\Event.Api\EventService\EventService.csproj", "{EE6A97A4-507C-4922-BC8C-C0272596BCC4}"
EndProject
Project("{9A19103F-16F7-4668-BE54-9A1E7A4F7556}") = "EventCore", "src\Services\Event.Api\EventCore\EventCore.csproj", "{1E560C04-DFC2-4267-8599-862833A496CB}"
EndProject
Project("{9A19103F-16F7-4668-BE54-9A1E7A4F7556}") = "EventApplication", "src\Services\Event.Api\EventApplication\EventApplication.csproj", "{F2CD5924-CF41-42B0-9D47-F1BE51AD7FBE}"
EndProject
Project("{9A19103F-16F7-4668-BE54-9A1E7A4F7556}") = "EventInfrastructure", "src\Services\Event.Api\EventInfrastructure\EventInfrastructure.csproj", "{8FCF1A22-767C-4E43-BDE7-6CC110EB3892}"
EndProject
Project("{2150E333-8FDC-42A3-9474-1A3956D46DE8}") = "src", "src", "{8A7B3A67-51BC-4CA6-BD7B-64DDBB08B0AE}"
EndProject
Project("{2150E333-8FDC-42A3-9474-1A3956D46DE8}") = "tests", "tests", "{F28168BD-1761-4581-99FF-CF6CA3295552}"
EndProject
Project("{2150E333-8FDC-42A3-9474-1A3956D46DE8}") = "Services", "Services", "{965A3149-85AF-452A-B4A6-6855DECCB81D}"
EndProject
Project("{2150E333-8FDC-42A3-9474-1A3956D46DE8}") = "Event.Api", "Event.Api", "{F843D086-2C03-4B8D-89A9-9A6B9A0A97CF}"
EndProject
Project("{2150E333-8FDC-42A3-9474-1A3956D46DE8}") = "Identity.Api", "Identity.Api", "{D7CE8B05-96E5-4957-A795-B8F3BCEA5604}"
EndProject
Project("{9A19103F-16F7-4668-BE54-9A1E7A4F7556}") = "Commons", "src\Services\Commons\Commons.csproj", "{DFEC3AE3-145F-4809-AE10-1E4183B99C11}"
EndProject
Project("{FAE04EC0-301F-11D3-BF4B-00C04F79EFBC}") = "IdentityApplication", "src\Services\Identity.Api\IdentityApplication\IdentityApplication.csproj", "{3970DFDD-DB86-4E9E-9E14-D93BC7DE4D5B}"
EndProject
Project("{FAE04EC0-301F-11D3-BF4B-00C04F79EFBC}") = "IdentityCore", "src\Services\Identity.Api\IdentityCore\IdentityCore.csproj", "{79D69A7F-8A6F-4F08-AC4D-001B1DADC233}"
EndProject
Project("{FAE04EC0-301F-11D3-BF4B-00C04F79EFBC}") = "IdentityInfrastructure", "src\Services\Identity.Api\IdentityInfrastructure\IdentityInfrastructure.csproj", "{E94038D9-48BC-41E2-A3AB-64115157DD8F}"
EndProject
Project("{FAE04EC0-301F-11D3-BF4B-00C04F79EFBC}") = "IdentityService", "src\Services\Identity.Api\IdentityService\IdentityService.csproj", "{F4B189DA-557F-4890-A68E-C6E255A88957}"
EndProject
Project("{2150E333-8FDC-42A3-9474-1A3956D46DE8}") = "Document.Api", "Document.Api", "{16A4E27D-C48F-46F2-8089-4A88C3375F97}"
EndProject
Project("{FAE04EC0-301F-11D3-BF4B-00C04F79EFBC}") = "DocumentApplication", "src\Services\Document.Api\DocumentApplication\DocumentApplication.csproj", "{1E58E05D-ACFB-417A-9A8C-AFCE4F563B41}"
EndProject
Project("{FAE04EC0-301F-11D3-BF4B-00C04F79EFBC}") = "DocumentCore", "src\Services\Document.Api\DocumentCore\DocumentCore.csproj", "{4365F64F-C8D6-4CFC-AD45-8AE58560A8AD}"
EndProject
Project("{FAE04EC0-301F-11D3-BF4B-00C04F79EFBC}") = "DocumentInfrastructure", "src\Services\Document.Api\DocumentInfrastructure\DocumentInfrastructure.csproj", "{3A311B74-5D52-495C-B9F9-349C6F09B617}"
EndProject
Project("{FAE04EC0-301F-11D3-BF4B-00C04F79EFBC}") = "DocumentService", "src\Services\Document.Api\DocumentService\DocumentService.csproj", "{29E03DF3-B639-4FC5-90A5-3213CB778521}"
EndProject
Global
	GlobalSection(SolutionConfigurationPlatforms) = preSolution
		Debug|Any CPU = Debug|Any CPU
		Release|Any CPU = Release|Any CPU
	EndGlobalSection
	GlobalSection(ProjectConfigurationPlatforms) = postSolution
		{EE6A97A4-507C-4922-BC8C-C0272596BCC4}.Debug|Any CPU.ActiveCfg = Debug|Any CPU
		{EE6A97A4-507C-4922-BC8C-C0272596BCC4}.Debug|Any CPU.Build.0 = Debug|Any CPU
		{EE6A97A4-507C-4922-BC8C-C0272596BCC4}.Release|Any CPU.ActiveCfg = Release|Any CPU
		{EE6A97A4-507C-4922-BC8C-C0272596BCC4}.Release|Any CPU.Build.0 = Release|Any CPU
		{1E560C04-DFC2-4267-8599-862833A496CB}.Debug|Any CPU.ActiveCfg = Debug|Any CPU
		{1E560C04-DFC2-4267-8599-862833A496CB}.Debug|Any CPU.Build.0 = Debug|Any CPU
		{1E560C04-DFC2-4267-8599-862833A496CB}.Release|Any CPU.ActiveCfg = Release|Any CPU
		{1E560C04-DFC2-4267-8599-862833A496CB}.Release|Any CPU.Build.0 = Release|Any CPU
		{F2CD5924-CF41-42B0-9D47-F1BE51AD7FBE}.Debug|Any CPU.ActiveCfg = Debug|Any CPU
		{F2CD5924-CF41-42B0-9D47-F1BE51AD7FBE}.Debug|Any CPU.Build.0 = Debug|Any CPU
		{F2CD5924-CF41-42B0-9D47-F1BE51AD7FBE}.Release|Any CPU.ActiveCfg = Release|Any CPU
		{F2CD5924-CF41-42B0-9D47-F1BE51AD7FBE}.Release|Any CPU.Build.0 = Release|Any CPU
		{8FCF1A22-767C-4E43-BDE7-6CC110EB3892}.Debug|Any CPU.ActiveCfg = Debug|Any CPU
		{8FCF1A22-767C-4E43-BDE7-6CC110EB3892}.Debug|Any CPU.Build.0 = Debug|Any CPU
		{8FCF1A22-767C-4E43-BDE7-6CC110EB3892}.Release|Any CPU.ActiveCfg = Release|Any CPU
		{8FCF1A22-767C-4E43-BDE7-6CC110EB3892}.Release|Any CPU.Build.0 = Release|Any CPU
		{DFEC3AE3-145F-4809-AE10-1E4183B99C11}.Debug|Any CPU.ActiveCfg = Debug|Any CPU
		{DFEC3AE3-145F-4809-AE10-1E4183B99C11}.Debug|Any CPU.Build.0 = Debug|Any CPU
		{DFEC3AE3-145F-4809-AE10-1E4183B99C11}.Release|Any CPU.ActiveCfg = Release|Any CPU
		{DFEC3AE3-145F-4809-AE10-1E4183B99C11}.Release|Any CPU.Build.0 = Release|Any CPU
		{3970DFDD-DB86-4E9E-9E14-D93BC7DE4D5B}.Debug|Any CPU.ActiveCfg = Debug|Any CPU
		{3970DFDD-DB86-4E9E-9E14-D93BC7DE4D5B}.Debug|Any CPU.Build.0 = Debug|Any CPU
		{3970DFDD-DB86-4E9E-9E14-D93BC7DE4D5B}.Release|Any CPU.ActiveCfg = Release|Any CPU
		{3970DFDD-DB86-4E9E-9E14-D93BC7DE4D5B}.Release|Any CPU.Build.0 = Release|Any CPU
		{79D69A7F-8A6F-4F08-AC4D-001B1DADC233}.Debug|Any CPU.ActiveCfg = Debug|Any CPU
		{79D69A7F-8A6F-4F08-AC4D-001B1DADC233}.Debug|Any CPU.Build.0 = Debug|Any CPU
		{79D69A7F-8A6F-4F08-AC4D-001B1DADC233}.Release|Any CPU.ActiveCfg = Release|Any CPU
		{79D69A7F-8A6F-4F08-AC4D-001B1DADC233}.Release|Any CPU.Build.0 = Release|Any CPU
		{E94038D9-48BC-41E2-A3AB-64115157DD8F}.Debug|Any CPU.ActiveCfg = Debug|Any CPU
		{E94038D9-48BC-41E2-A3AB-64115157DD8F}.Debug|Any CPU.Build.0 = Debug|Any CPU
		{E94038D9-48BC-41E2-A3AB-64115157DD8F}.Release|Any CPU.ActiveCfg = Release|Any CPU
		{E94038D9-48BC-41E2-A3AB-64115157DD8F}.Release|Any CPU.Build.0 = Release|Any CPU
		{F4B189DA-557F-4890-A68E-C6E255A88957}.Debug|Any CPU.ActiveCfg = Debug|Any CPU
		{F4B189DA-557F-4890-A68E-C6E255A88957}.Debug|Any CPU.Build.0 = Debug|Any CPU
		{F4B189DA-557F-4890-A68E-C6E255A88957}.Release|Any CPU.ActiveCfg = Release|Any CPU
		{F4B189DA-557F-4890-A68E-C6E255A88957}.Release|Any CPU.Build.0 = Release|Any CPU
		{1E58E05D-ACFB-417A-9A8C-AFCE4F563B41}.Debug|Any CPU.ActiveCfg = Debug|Any CPU
		{1E58E05D-ACFB-417A-9A8C-AFCE4F563B41}.Debug|Any CPU.Build.0 = Debug|Any CPU
		{1E58E05D-ACFB-417A-9A8C-AFCE4F563B41}.Release|Any CPU.ActiveCfg = Release|Any CPU
		{1E58E05D-ACFB-417A-9A8C-AFCE4F563B41}.Release|Any CPU.Build.0 = Release|Any CPU
		{4365F64F-C8D6-4CFC-AD45-8AE58560A8AD}.Debug|Any CPU.ActiveCfg = Debug|Any CPU
		{4365F64F-C8D6-4CFC-AD45-8AE58560A8AD}.Debug|Any CPU.Build.0 = Debug|Any CPU
		{4365F64F-C8D6-4CFC-AD45-8AE58560A8AD}.Release|Any CPU.ActiveCfg = Release|Any CPU
		{4365F64F-C8D6-4CFC-AD45-8AE58560A8AD}.Release|Any CPU.Build.0 = Release|Any CPU
		{3A311B74-5D52-495C-B9F9-349C6F09B617}.Debug|Any CPU.ActiveCfg = Debug|Any CPU
		{3A311B74-5D52-495C-B9F9-349C6F09B617}.Debug|Any CPU.Build.0 = Debug|Any CPU
		{3A311B74-5D52-495C-B9F9-349C6F09B617}.Release|Any CPU.ActiveCfg = Release|Any CPU
		{3A311B74-5D52-495C-B9F9-349C6F09B617}.Release|Any CPU.Build.0 = Release|Any CPU
		{29E03DF3-B639-4FC5-90A5-3213CB778521}.Debug|Any CPU.ActiveCfg = Debug|Any CPU
		{29E03DF3-B639-4FC5-90A5-3213CB778521}.Debug|Any CPU.Build.0 = Debug|Any CPU
		{29E03DF3-B639-4FC5-90A5-3213CB778521}.Release|Any CPU.ActiveCfg = Release|Any CPU
		{29E03DF3-B639-4FC5-90A5-3213CB778521}.Release|Any CPU.Build.0 = Release|Any CPU
	EndGlobalSection
	GlobalSection(SolutionProperties) = preSolution
		HideSolutionNode = FALSE
	EndGlobalSection
	GlobalSection(NestedProjects) = preSolution
		{EE6A97A4-507C-4922-BC8C-C0272596BCC4} = {F843D086-2C03-4B8D-89A9-9A6B9A0A97CF}
		{1E560C04-DFC2-4267-8599-862833A496CB} = {F843D086-2C03-4B8D-89A9-9A6B9A0A97CF}
		{F2CD5924-CF41-42B0-9D47-F1BE51AD7FBE} = {F843D086-2C03-4B8D-89A9-9A6B9A0A97CF}
		{8FCF1A22-767C-4E43-BDE7-6CC110EB3892} = {F843D086-2C03-4B8D-89A9-9A6B9A0A97CF}
		{965A3149-85AF-452A-B4A6-6855DECCB81D} = {8A7B3A67-51BC-4CA6-BD7B-64DDBB08B0AE}
		{F843D086-2C03-4B8D-89A9-9A6B9A0A97CF} = {965A3149-85AF-452A-B4A6-6855DECCB81D}
		{D7CE8B05-96E5-4957-A795-B8F3BCEA5604} = {965A3149-85AF-452A-B4A6-6855DECCB81D}
		{DFEC3AE3-145F-4809-AE10-1E4183B99C11} = {965A3149-85AF-452A-B4A6-6855DECCB81D}
		{3970DFDD-DB86-4E9E-9E14-D93BC7DE4D5B} = {D7CE8B05-96E5-4957-A795-B8F3BCEA5604}
		{79D69A7F-8A6F-4F08-AC4D-001B1DADC233} = {D7CE8B05-96E5-4957-A795-B8F3BCEA5604}
		{E94038D9-48BC-41E2-A3AB-64115157DD8F} = {D7CE8B05-96E5-4957-A795-B8F3BCEA5604}
		{F4B189DA-557F-4890-A68E-C6E255A88957} = {D7CE8B05-96E5-4957-A795-B8F3BCEA5604}
		{16A4E27D-C48F-46F2-8089-4A88C3375F97} = {965A3149-85AF-452A-B4A6-6855DECCB81D}
		{1E58E05D-ACFB-417A-9A8C-AFCE4F563B41} = {16A4E27D-C48F-46F2-8089-4A88C3375F97}
		{4365F64F-C8D6-4CFC-AD45-8AE58560A8AD} = {16A4E27D-C48F-46F2-8089-4A88C3375F97}
		{3A311B74-5D52-495C-B9F9-349C6F09B617} = {16A4E27D-C48F-46F2-8089-4A88C3375F97}
		{29E03DF3-B639-4FC5-90A5-3213CB778521} = {16A4E27D-C48F-46F2-8089-4A88C3375F97}
	EndGlobalSection
	GlobalSection(ExtensibilityGlobals) = postSolution
		SolutionGuid = {29E34705-80CE-42B1-8491-0A2C51C85C68}
	EndGlobalSection
EndGlobal
